Microsoft Visual Studio Solution File, Format Version 11.00
# Visual C++ Express 2010
Project("{8BC9CEB8-8B4A-11D0-8D11-00A0C91BC942}") = "rpcs3", "rpcs3\rpcs3.vcxproj", "{70CD65B0-91D6-4FAE-9A7B-4AF55D0D1B12}"
EndProject
Global
	GlobalSection(SolutionConfigurationPlatforms) = preSolution
		Debug|Win32 = Debug|Win32
		Debug|x64 = Debug|x64
		Release|Win32 = Release|Win32
		Release|x64 = Release|x64
	EndGlobalSection
	GlobalSection(ProjectConfigurationPlatforms) = postSolution
		{70CD65B0-91D6-4FAE-9A7B-4AF55D0D1B12}.Debug|Win32.ActiveCfg = Debug|Win32
		{70CD65B0-91D6-4FAE-9A7B-4AF55D0D1B12}.Debug|Win32.Build.0 = Debug|Win32
		{70CD65B0-91D6-4FAE-9A7B-4AF55D0D1B12}.Debug|x64.ActiveCfg = Debug|x64
		{70CD65B0-91D6-4FAE-9A7B-4AF55D0D1B12}.Debug|x64.Build.0 = Debug|x64
		{70CD65B0-91D6-4FAE-9A7B-4AF55D0D1B12}.Release|Win32.ActiveCfg = Release|Win32
		{70CD65B0-91D6-4FAE-9A7B-4AF55D0D1B12}.Release|Win32.Build.0 = Release|Win32
		{70CD65B0-91D6-4FAE-9A7B-4AF55D0D1B12}.Release|x64.ActiveCfg = Release|x64
		{70CD65B0-91D6-4FAE-9A7B-4AF55D0D1B12}.Release|x64.Build.0 = Release|x64
	EndGlobalSection
	GlobalSection(SolutionProperties) = preSolution
		HideSolutionNode = FALSE
	EndGlobalSection
	GlobalSection(NestedProjects) = preSolution
		{7C123413-10B1-F29F-EEE5-B57A36827C70} = {5812E712-6213-4372-B095-9EB9BAA1F2DF}
		{0C1DDDB4-F751-0E8E-982C-A6B14886FC7B} = {5812E712-6213-4372-B095-9EB9BAA1F2DF}
		{7F6DB432-0C72-FFB1-DE82-D450DAD5CF04} = {5812E712-6213-4372-B095-9EB9BAA1F2DF}
		{8A8F7ACD-0DB7-90B1-F4F8-F31D60255FD6} = {5812E712-6213-4372-B095-9EB9BAA1F2DF}
		{16CD4B8D-C653-6AFD-426A-D10A768C1CE5} = {5812E712-6213-4372-B095-9EB9BAA1F2DF}
		{A66455C9-DAD3-9BB7-13E6-08E6E33D9B85} = {5812E712-6213-4372-B095-9EB9BAA1F2DF}
		{CABB82BE-DFB1-E556-0AC3-5FC4D6933AE8} = {5812E712-6213-4372-B095-9EB9BAA1F2DF}
		{28365CAD-FDA4-E41A-7C13-FD86AC470A0D} = {5812E712-6213-4372-B095-9EB9BAA1F2DF}
		{995774A7-FA69-E03D-1759-A4C33AE7FF7C} = {5812E712-6213-4372-B095-9EB9BAA1F2DF}
		{EE9EE1EA-E48D-7B28-2825-6F014802A43B} = {5812E712-6213-4372-B095-9EB9BAA1F2DF}
		{D78B0119-3CA8-C0A4-E1C2-4D646A68AC5B} = {5812E712-6213-4372-B095-9EB9BAA1F2DF}
		{DCF03EA6-9806-338B-3B07-60273468D4A9} = {5812E712-6213-4372-B095-9EB9BAA1F2DF}
		{90A67BD5-253F-CD50-BB9E-7002DA7D35CF} = {5812E712-6213-4372-B095-9EB9BAA1F2DF}
		{156E1310-DA46-F664-E3C1-EE90B4CD92AE} = {5812E712-6213-4372-B095-9EB9BAA1F2DF}
		{CF3420B3-B31E-FDD0-4897-648FD5125566} = {5812E712-6213-4372-B095-9EB9BAA1F2DF}
		{032DB7F5-755A-DF9E-5CBE-553BF92898EC} = {5812E712-6213-4372-B095-9EB9BAA1F2DF}
		{F8EC63A1-40C4-541B-911E-3679CCA1132D} = {5812E712-6213-4372-B095-9EB9BAA1F2DF}
		{350261DE-995E-5363-B942-85B09B015F2B} = {5812E712-6213-4372-B095-9EB9BAA1F2DF}
		{503E4C3C-5D61-7928-7745-526C6EE2646F} = {5812E712-6213-4372-B095-9EB9BAA1F2DF}
		{EB4E73BF-E88A-8B43-D654-EE1A4D88D10E} = {5812E712-6213-4372-B095-9EB9BAA1F2DF}
	EndGlobalSection
EndGlobal
